{
  "nodes": {
    "darwin": {
      "inputs": {
        "nixpkgs": [
          "nixpkgs"
        ]
      },
      "locked": {
        "lastModified": 1755825449,
        "narHash": "sha256-XkiN4NM9Xdy59h69Pc+Vg4PxkSm9EWl6u7k6D5FZ5cM=",
        "owner": "lnl7",
        "repo": "nix-darwin",
        "rev": "8df64f819698c1fee0c2969696f54a843b2231e8",
        "type": "github"
      },
      "original": {
        "owner": "lnl7",
        "ref": "master",
        "repo": "nix-darwin",
        "type": "github"
      }
    },
    "fenix": {
      "inputs": {
        "nixpkgs": [
          "nixpkgs"
        ],
        "rust-analyzer-src": "rust-analyzer-src"
      },
      "locked": {
        "lastModified": 1756622179,
        "narHash": "sha256-K3CimrAcMhdDYkErd3oiWPZNaoyaGZEuvGrFuDPFMZY=",
        "owner": "nix-community",
        "repo": "fenix",
        "rev": "0abcb15ae6279dcb40a8ae7c1ed980705245cb79",
        "type": "github"
      },
      "original": {
        "owner": "nix-community",
        "repo": "fenix",
        "type": "github"
      }
    },
    "flakehub": {
      "locked": {
        "lastModified": 1721999734,
        "narHash": "sha256-G5CxYeJVm4lcEtaO87LKzOsVnWeTcHGKbKxNamNWgOw=",
        "rev": "0a5c42297d870156d9c57d8f99e476b738dcd982",
        "revCount": 75,
        "type": "tarball",
        "url": "https://api.flakehub.com/f/pinned/DeterminateSystems/flake-schemas/0.1.5/0190ef2f-61e0-794b-ba14-e82f225e55e6/source.tar.gz"
      },
      "original": {
        "type": "tarball",
        "url": "https://flakehub.com/f/DeterminateSystems/flake-schemas/%2A.tar.gz"
      }
    },
    "hardware": {
      "locked": {
        "lastModified": 1756245047,
        "narHash": "sha256-9bHzrVbjAudbO8q4vYFBWlEkDam31fsz0J7GB8k4AsI=",
        "owner": "nixos",
        "repo": "nixos-hardware",
        "rev": "a65b650d6981e23edd1afa1f01eb942f19cdcbb7",
        "type": "github"
      },
      "original": {
        "owner": "nixos",
        "repo": "nixos-hardware",
        "type": "github"
      }
    },
    "helix-git": {
      "inputs": {
        "nixpkgs": "nixpkgs",
        "rust-overlay": "rust-overlay"
      },
      "locked": {
        "lastModified": 1756643733,
        "narHash": "sha256-26Td3HBzehgwvWHr+agansoe1/X/za6xlJd+yAwkL9I=",
        "owner": "helix-editor",
        "repo": "helix",
        "rev": "7c37e8acea47783d6c2c3ae11c44fd94bab5746a",
        "type": "github"
      },
      "original": {
        "owner": "helix-editor",
        "repo": "helix",
        "type": "github"
      }
    },
    "home-manager": {
      "inputs": {
        "nixpkgs": [
          "nixpkgs"
        ]
      },
      "locked": {
        "lastModified": 1756579987,
        "narHash": "sha256-duCce8zGsaMsrqqOmLOsuaV1PVIw/vXWnKuLKZClsGg=",
        "owner": "nix-community",
        "repo": "home-manager",
        "rev": "99a69bdf8a3c6bf038c4121e9c4b6e99706a187a",
        "type": "github"
      },
      "original": {
        "owner": "nix-community",
        "repo": "home-manager",
        "type": "github"
      }
    },
    "nixpkgs": {
      "locked": {
        "lastModified": 1740560979,
        "narHash": "sha256-Vr3Qi346M+8CjedtbyUevIGDZW8LcA1fTG0ugPY/Hic=",
        "owner": "nixos",
        "repo": "nixpkgs",
        "rev": "5135c59491985879812717f4c9fea69604e7f26f",
        "type": "github"
      },
      "original": {
        "owner": "nixos",
        "ref": "nixos-unstable",
        "repo": "nixpkgs",
        "type": "github"
      }
    },
    "nixpkgs-master": {
      "locked": {
        "lastModified": 1756643568,
        "narHash": "sha256-or7pl/gqN/2ig5MiJzaeavKhPpLDb0C9sHCdym++aPM=",
        "owner": "nixos",
        "repo": "nixpkgs",
        "rev": "e734bd59eb210f4f1ac487f79aaf3a673e462bd5",
        "type": "github"
      },
      "original": {
        "owner": "nixos",
        "ref": "master",
        "repo": "nixpkgs",
        "type": "github"
      }
    },
    "nixpkgs_2": {
      "locked": {
        "lastModified": 1756542300,
        "narHash": "sha256-tlOn88coG5fzdyqz6R93SQL5Gpq+m/DsWpekNFhqPQk=",
        "owner": "nixos",
        "repo": "nixpkgs",
        "rev": "d7600c775f877cd87b4f5a831c28aa94137377aa",
        "type": "github"
      },
      "original": {
        "owner": "nixos",
        "ref": "nixos-unstable",
        "repo": "nixpkgs",
        "type": "github"
      }
    },
    "root": {
      "inputs": {
        "darwin": "darwin",
        "fenix": "fenix",
        "flakehub": "flakehub",
        "hardware": "hardware",
        "helix-git": "helix-git",
        "home-manager": "home-manager",
        "nixpkgs": "nixpkgs_2",
        "nixpkgs-master": "nixpkgs-master",
        "sf-mono-liga-src": "sf-mono-liga-src"
      }
    },
    "rust-analyzer-src": {
      "flake": false,
      "locked": {
        "lastModified": 1756597274,
        "narHash": "sha256-wfaKRKsEVQDB7pQtAt04vRgFphkVscGRpSx3wG1l50E=",
        "owner": "rust-lang",
        "repo": "rust-analyzer",
        "rev": "21614ed2d3279a9aa1f15c88d293e65a98991b30",
        "type": "github"
      },
      "original": {
        "owner": "rust-lang",
        "ref": "nightly",
        "repo": "rust-analyzer",
        "type": "github"
      }
    },
    "rust-overlay": {
      "inputs": {
        "nixpkgs": [
          "helix-git",
          "nixpkgs"
        ]
      },
      "locked": {
        "lastModified": 1740623427,
        "narHash": "sha256-3SdPQrZoa4odlScFDUHd4CUPQ/R1gtH4Mq9u8CBiK8M=",
        "owner": "oxalica",
        "repo": "rust-overlay",
        "rev": "d342e8b5fd88421ff982f383c853f0fc78a847ab",
        "type": "github"
      },
      "original": {
        "owner": "oxalica",
        "repo": "rust-overlay",
        "type": "github"
      }
    },
    "sf-mono-liga-src": {
      "flake": false,
      "locked": {
        "lastModified": 1688258025,
        "narHash": "sha256-AYjKrVLISsJWXN6Cj74wXmbJtREkFDYOCRw1t2nVH2w=",
        "owner": "shaunsingh",
        "repo": "SFMono-Nerd-Font-Ligaturized",
        "rev": "dc5a3e6fcc2e16ad476b7be3c3c17c2273b260ea",
        "type": "github"
      },
      "original": {
        "owner": "shaunsingh",
        "repo": "SFMono-Nerd-Font-Ligaturized",
        "type": "github"
      }
    }
  },
  "root": "root",
  "version": 7
}
